
Microsoft Visual Studio Solution File, Format Version 12.00
# Visual Studio Version 17
VisualStudioVersion = 17.3.32929.385
MinimumVisualStudioVersion = 10.0.40219.1
Project("{FAE04EC0-301F-11D3-BF4B-00C04F79EFBC}") = "Simple.OAI.App", "Simple.OAI.App\Simple.OAI.App.csproj", "{29058037-FDFA-4838-AFAC-E38E31FB65E4}"
EndProject
Project("{FAE04EC0-301F-11D3-BF4B-00C04F79EFBC}") = "Simple.OAI.Lib", "Simple.OAI.Lib\Simple.OAI.Lib.csproj", "{F99B9DB6-F278-4723-B6A8-54285F7B5EA6}"
EndProject
Global
	GlobalSection(SolutionConfigurationPlatforms) = preSolution
		Debug|Any CPU = Debug|Any CPU
		Release|Any CPU = Release|Any CPU
	EndGlobalSection
	GlobalSection(ProjectConfigurationPlatforms) = postSolution
		{29058037-FDFA-4838-AFAC-E38E31FB65E4}.Debug|Any CPU.ActiveCfg = Debug|Any CPU
		{29058037-FDFA-4838-AFAC-E38E31FB65E4}.Debug|Any CPU.Build.0 = Debug|Any CPU
		{29058037-FDFA-4838-AFAC-E38E31FB65E4}.Release|Any CPU.ActiveCfg = Release|Any CPU
		{29058037-FDFA-4838-AFAC-E38E31FB65E4}.Release|Any CPU.Build.0 = Release|Any CPU
		{F99B9DB6-F278-4723-B6A8-54285F7B5EA6}.Debug|Any CPU.ActiveCfg = Debug|Any CPU
		{F99B9DB6-F278-4723-B6A8-54285F7B5EA6}.Debug|Any CPU.Build.0 = Debug|Any CPU
		{F99B9DB6-F278-4723-B6A8-54285F7B5EA6}.Release|Any CPU.ActiveCfg = Release|Any CPU
		{F99B9DB6-F278-4723-B6A8-54285F7B5EA6}.Release|Any CPU.Build.0 = Release|Any CPU
	EndGlobalSection
	GlobalSection(SolutionProperties) = preSolution
		HideSolutionNode = FALSE
	EndGlobalSection
	GlobalSection(ExtensibilityGlobals) = postSolution
		SolutionGuid = {5707FCDA-55ED-42D8-A4A9-FA653ED04A48}
	EndGlobalSection
EndGlobal
